
Microsoft Visual Studio Solution File, Format Version 12.00
# Visual Studio Version 17
VisualStudioVersion = 17.0.31903.59
MinimumVisualStudioVersion = 10.0.40219.1
Project("{FAE04EC0-301F-11D3-BF4B-00C04F79EFBC}") = "Todo.Api", "api\Todo.Api.csproj", "{F7AD1FD9-1F0B-4A6C-A6CC-5AF7CEF85282}"
EndProject
Project("{FAE04EC0-301F-11D3-BF4B-00C04F79EFBC}") = "Todo.Repo", "repo\Todo.Repo.csproj", "{45F8AF95-2DAF-4EF3-9D32-0F9C31A5A582}"
EndProject
Project("{FAE04EC0-301F-11D3-BF4B-00C04F79EFBC}") = "Todo.Repo.MySql", "repo.mysql\Todo.Repo.MySql.csproj", "{CEA29C67-0F35-4DDD-AF19-EC46CFB8678D}"
EndProject
Project("{FAE04EC0-301F-11D3-BF4B-00C04F79EFBC}") = "Todo.Repo.Postgresql", "repo.pgsql\Todo.Repo.Postgresql.csproj", "{8706A4EF-18A6-4965-A864-9639AA78154B}"
EndProject
Global
	GlobalSection(SolutionConfigurationPlatforms) = preSolution
		Debug|Any CPU = Debug|Any CPU
		Release|Any CPU = Release|Any CPU
	EndGlobalSection
	GlobalSection(SolutionProperties) = preSolution
		HideSolutionNode = FALSE
	EndGlobalSection
	GlobalSection(ProjectConfigurationPlatforms) = postSolution
		{F7AD1FD9-1F0B-4A6C-A6CC-5AF7CEF85282}.Debug|Any CPU.ActiveCfg = Debug|Any CPU
		{F7AD1FD9-1F0B-4A6C-A6CC-5AF7CEF85282}.Debug|Any CPU.Build.0 = Debug|Any CPU
		{F7AD1FD9-1F0B-4A6C-A6CC-5AF7CEF85282}.Release|Any CPU.ActiveCfg = Release|Any CPU
		{F7AD1FD9-1F0B-4A6C-A6CC-5AF7CEF85282}.Release|Any CPU.Build.0 = Release|Any CPU
		{45F8AF95-2DAF-4EF3-9D32-0F9C31A5A582}.Debug|Any CPU.ActiveCfg = Debug|Any CPU
		{45F8AF95-2DAF-4EF3-9D32-0F9C31A5A582}.Debug|Any CPU.Build.0 = Debug|Any CPU
		{45F8AF95-2DAF-4EF3-9D32-0F9C31A5A582}.Release|Any CPU.ActiveCfg = Release|Any CPU
		{45F8AF95-2DAF-4EF3-9D32-0F9C31A5A582}.Release|Any CPU.Build.0 = Release|Any CPU
		{CEA29C67-0F35-4DDD-AF19-EC46CFB8678D}.Debug|Any CPU.ActiveCfg = Debug|Any CPU
		{CEA29C67-0F35-4DDD-AF19-EC46CFB8678D}.Debug|Any CPU.Build.0 = Debug|Any CPU
		{CEA29C67-0F35-4DDD-AF19-EC46CFB8678D}.Release|Any CPU.ActiveCfg = Release|Any CPU
		{CEA29C67-0F35-4DDD-AF19-EC46CFB8678D}.Release|Any CPU.Build.0 = Release|Any CPU
		{8706A4EF-18A6-4965-A864-9639AA78154B}.Debug|Any CPU.ActiveCfg = Debug|Any CPU
		{8706A4EF-18A6-4965-A864-9639AA78154B}.Debug|Any CPU.Build.0 = Debug|Any CPU
		{8706A4EF-18A6-4965-A864-9639AA78154B}.Release|Any CPU.ActiveCfg = Release|Any CPU
		{8706A4EF-18A6-4965-A864-9639AA78154B}.Release|Any CPU.Build.0 = Release|Any CPU
	EndGlobalSection
EndGlobal
